
Microsoft Visual Studio Solution File, Format Version 12.00
# Visual Studio Version 16
VisualStudioVersion = 16.0.29728.190
MinimumVisualStudioVersion = 10.0.40219.1
Project("{FAE04EC0-301F-11D3-BF4B-00C04F79EFBC}") = "part 6.5 RPS", "part 6.5 RPS.csproj", "{58CAF8FC-EA02-41BA-BE39-CD7FBBDBA1DB}"
EndProject
Global
	GlobalSection(SolutionConfigurationPlatforms) = preSolution
		Debug|Any CPU = Debug|Any CPU
		Release|Any CPU = Release|Any CPU
	EndGlobalSection
	GlobalSection(ProjectConfigurationPlatforms) = postSolution
		{58CAF8FC-EA02-41BA-BE39-CD7FBBDBA1DB}.Debug|Any CPU.ActiveCfg = Debug|Any CPU
		{58CAF8FC-EA02-41BA-BE39-CD7FBBDBA1DB}.Debug|Any CPU.Build.0 = Debug|Any CPU
		{58CAF8FC-EA02-41BA-BE39-CD7FBBDBA1DB}.Release|Any CPU.ActiveCfg = Release|Any CPU
		{58CAF8FC-EA02-41BA-BE39-CD7FBBDBA1DB}.Release|Any CPU.Build.0 = Release|Any CPU
	EndGlobalSection
	GlobalSection(SolutionProperties) = preSolution
		HideSolutionNode = FALSE
	EndGlobalSection
	GlobalSection(ExtensibilityGlobals) = postSolution
		SolutionGuid = {C018ABF3-3CCF-4F51-8D93-4268129DB08B}
	EndGlobalSection
EndGlobal
